
Microsoft Visual Studio Solution File, Format Version 12.00
# Visual Studio Version 17
VisualStudioVersion = 17.8.34316.72
MinimumVisualStudioVersion = 10.0.40219.1
Project("{9A19103F-16F7-4668-BE54-9A1E7A4F7556}") = "SandBox.HastSet", "HastSet\SandBox.HastSet.csproj", "{0577667E-858E-4F9C-A414-CD7F434951C1}"
EndProject
Project("{9A19103F-16F7-4668-BE54-9A1E7A4F7556}") = "SandBox.Dictionary", "Dictionary\SandBox.Dictionary.csproj", "{A2975EA3-2C00-483A-BADB-0A0FEA62FC1E}"
EndProject
Project("{9A19103F-16F7-4668-BE54-9A1E7A4F7556}") = "Sandbox.MenuBuild", "MenuBuild\Sandbox.MenuBuild.csproj", "{275447F0-3BAB-4BDD-B363-D50C1CF17CB1}"
EndProject
Project("{9A19103F-16F7-4668-BE54-9A1E7A4F7556}") = "SandBox.Recursive", "Recursive.Console\SandBox.Recursive.csproj", "{F0E66BAD-27A8-4E72-88DC-60E016EE49C1}"
EndProject
Project("{9A19103F-16F7-4668-BE54-9A1E7A4F7556}") = "SandBox.Bogus", "SandBox.Bogus\SandBox.Bogus.csproj", "{F8E65F03-8E5F-42BC-B7E1-B5695417302A}"
EndProject
Project("{9A19103F-16F7-4668-BE54-9A1E7A4F7556}") = "SandBox.Bogus.Menu", "SandBox.Bogus.Menu\SandBox.Bogus.Menu.csproj", "{07ABA3E4-B12C-4098-9531-BAB31EBBE6C4}"
EndProject
Project("{9A19103F-16F7-4668-BE54-9A1E7A4F7556}") = "SandBox.Fibonacci", "SandBox.Fibonacci\SandBox.Fibonacci.csproj", "{1DACC4DA-1733-4C21-A7BE-913B0B15CC2A}"
EndProject
Project("{9A19103F-16F7-4668-BE54-9A1E7A4F7556}") = "SandBox.Factorial", "SandBox.Factorial\SandBox.Factorial.csproj", "{87EFB6BD-4239-4B46-A82E-17BA9BCF2C2E}"
EndProject
Project("{9A19103F-16F7-4668-BE54-9A1E7A4F7556}") = "SandBox.PI", "SandBox.PI\SandBox.PI.csproj", "{64259820-1BB5-4566-9F37-E7D3ACF37095}"
EndProject
Project("{9A19103F-16F7-4668-BE54-9A1E7A4F7556}") = "SandBox.Yield", "SandBox.Yield\SandBox.Yield.csproj", "{44B04725-117C-41E7-A969-88065D93E971}"
EndProject
Project("{9A19103F-16F7-4668-BE54-9A1E7A4F7556}") = "SandBox.Kangaroo", "SandBox.Kangaroo\SandBox.Kangaroo.csproj", "{DE73B97E-B9A7-44AE-878C-D9F603BE6BDD}"
EndProject
Project("{2150E333-8FDC-42A3-9474-1A3956D46DE8}") = "DataStructures", "DataStructures", "{5D45061A-5ECE-4393-8274-96B0F68A9BF9}"
EndProject
Project("{2150E333-8FDC-42A3-9474-1A3956D46DE8}") = "Algorithms", "Algorithms", "{D8363FAA-984F-41C3-AA46-68231CF5D2B1}"
EndProject
Project("{2150E333-8FDC-42A3-9474-1A3956D46DE8}") = "Examples", "Examples", "{83D0DBEF-9B01-4C3D-A36D-913C5A4D7BC8}"
EndProject
Project("{9A19103F-16F7-4668-BE54-9A1E7A4F7556}") = "Examples.BetweenTwoSets", "Examples.BetweenTwoSets\Examples.BetweenTwoSets.csproj", "{F47F5374-4092-4B56-BB58-2D4F76AD7DD6}"
EndProject
Project("{9A19103F-16F7-4668-BE54-9A1E7A4F7556}") = "Examples.MaxProductDifference", "Examples.MaxProductDifference\Examples.MaxProductDifference.csproj", "{81DDE2F6-6DB7-4416-9DE8-A4436D363DB6}"
EndProject
Project("{9A19103F-16F7-4668-BE54-9A1E7A4F7556}") = "Examples.DateTimeOffset", "Examples\Examples.DateTimeOffset.csproj", "{5FC6A24D-B2B7-4E2D-AE66-1673E5E83536}"
EndProject
Project("{2150E333-8FDC-42A3-9474-1A3956D46DE8}") = "Sorting", "Sorting", "{7EA4D3D6-F628-40E5-A9AC-C10ED6C7C417}"
EndProject
Project("{9A19103F-16F7-4668-BE54-9A1E7A4F7556}") = "SandBox.Sorting", "SandBox.Sorting\SandBox.Sorting.csproj", "{E45752DA-7A89-4ACB-A19F-0AD17CBD1F91}"
EndProject
Project("{9A19103F-16F7-4668-BE54-9A1E7A4F7556}") = "Examples.WebBrowser", "Examples.WebBrowser\Examples.WebBrowser.csproj", "{487EDDFC-955C-46E4-A2A8-6BFF1E998241}"
EndProject
Project("{9A19103F-16F7-4668-BE54-9A1E7A4F7556}") = "Examples.ArrayCapacity", "Examples.ArrayCapacity\Examples.ArrayCapacity.csproj", "{0FDD1FAB-4EF5-443E-925B-1C82886F97F2}"
EndProject
Project("{9A19103F-16F7-4668-BE54-9A1E7A4F7556}") = "SandBox.Dijkstra", "SandBox.Dijkstra\SandBox.Dijkstra.csproj", "{FF43588B-083B-4842-BA84-F2BBBEB86D38}"
EndProject
Project("{9A19103F-16F7-4668-BE54-9A1E7A4F7556}") = "Sandbox.ShortestPath.CheapestFlight", "Sandbox.ShortestPath.CheapestFlight\Sandbox.ShortestPath.CheapestFlight.csproj", "{33F25C2D-144C-4008-BAF3-B5367A3CB33C}"
EndProject
Project("{9A19103F-16F7-4668-BE54-9A1E7A4F7556}") = "SandBox.DailyQuestion.LargestSubstring", "SandBox.DailyQuestion.LargestSubstring\SandBox.DailyQuestion.LargestSubstring.csproj", "{45DADBEE-D134-431E-B0EF-BF124BBDA7BA}"
EndProject
Project("{9A19103F-16F7-4668-BE54-9A1E7A4F7556}") = "SandBox.Addition", "SandBox.Addition\SandBox.Addition.csproj", "{F32DF495-87C1-4683-9F07-110F7F437291}"
EndProject
Project("{2150E333-8FDC-42A3-9474-1A3956D46DE8}") = "CSharp", "CSharp", "{7B028BFF-69ED-4E66-97F9-F1A02B627EC1}"
EndProject
Project("{9A19103F-16F7-4668-BE54-9A1E7A4F7556}") = "CSharp.EqualsAndHashCode", "..\DataStructures\CSharp.EqualsAndHashCode\CSharp.EqualsAndHashCode.csproj", "{66A57CEC-0AFB-4C5F-98BA-F3CEAD779324}"
EndProject
Project("{9A19103F-16F7-4668-BE54-9A1E7A4F7556}") = "DataStructues.QueueStack", "..\DataStructures\DataStructues.QueueStack\DataStructues.QueueStack.csproj", "{3370C842-C5C8-4B44-9087-362835C4059D}"
EndProject
Project("{9A19103F-16F7-4668-BE54-9A1E7A4F7556}") = "DataStructures.LinkedList", "..\DataStructures\DataStructures.LinkedList\DataStructures.LinkedList.csproj", "{2B3268E3-6648-4F6D-B354-4CF46CEC08ED}"
EndProject
Project("{9A19103F-16F7-4668-BE54-9A1E7A4F7556}") = "DataStructures.SortedList", "..\DataStructures\DataStructures.SortedList\DataStructures.SortedList.csproj", "{05547D89-E587-47EC-8CD8-7FB631F04057}"
EndProject
Project("{9A19103F-16F7-4668-BE54-9A1E7A4F7556}") = "DataStructures.Trie", "..\DataStructures\DataStructures.Trie\DataStructures.Trie.csproj", "{10BEDF50-1F75-4099-B652-2E290FDE237C}"
EndProject
Global
	GlobalSection(SolutionConfigurationPlatforms) = preSolution
		Debug|Any CPU = Debug|Any CPU
		Release|Any CPU = Release|Any CPU
	EndGlobalSection
	GlobalSection(ProjectConfigurationPlatforms) = postSolution
		{0577667E-858E-4F9C-A414-CD7F434951C1}.Debug|Any CPU.ActiveCfg = Debug|Any CPU
		{0577667E-858E-4F9C-A414-CD7F434951C1}.Debug|Any CPU.Build.0 = Debug|Any CPU
		{0577667E-858E-4F9C-A414-CD7F434951C1}.Release|Any CPU.ActiveCfg = Release|Any CPU
		{0577667E-858E-4F9C-A414-CD7F434951C1}.Release|Any CPU.Build.0 = Release|Any CPU
		{A2975EA3-2C00-483A-BADB-0A0FEA62FC1E}.Debug|Any CPU.ActiveCfg = Debug|Any CPU
		{A2975EA3-2C00-483A-BADB-0A0FEA62FC1E}.Debug|Any CPU.Build.0 = Debug|Any CPU
		{A2975EA3-2C00-483A-BADB-0A0FEA62FC1E}.Release|Any CPU.ActiveCfg = Release|Any CPU
		{A2975EA3-2C00-483A-BADB-0A0FEA62FC1E}.Release|Any CPU.Build.0 = Release|Any CPU
		{275447F0-3BAB-4BDD-B363-D50C1CF17CB1}.Debug|Any CPU.ActiveCfg = Debug|Any CPU
		{275447F0-3BAB-4BDD-B363-D50C1CF17CB1}.Debug|Any CPU.Build.0 = Debug|Any CPU
		{275447F0-3BAB-4BDD-B363-D50C1CF17CB1}.Release|Any CPU.ActiveCfg = Release|Any CPU
		{275447F0-3BAB-4BDD-B363-D50C1CF17CB1}.Release|Any CPU.Build.0 = Release|Any CPU
		{F0E66BAD-27A8-4E72-88DC-60E016EE49C1}.Debug|Any CPU.ActiveCfg = Debug|Any CPU
		{F0E66BAD-27A8-4E72-88DC-60E016EE49C1}.Debug|Any CPU.Build.0 = Debug|Any CPU
		{F0E66BAD-27A8-4E72-88DC-60E016EE49C1}.Release|Any CPU.ActiveCfg = Release|Any CPU
		{F0E66BAD-27A8-4E72-88DC-60E016EE49C1}.Release|Any CPU.Build.0 = Release|Any CPU
		{F8E65F03-8E5F-42BC-B7E1-B5695417302A}.Debug|Any CPU.ActiveCfg = Debug|Any CPU
		{F8E65F03-8E5F-42BC-B7E1-B5695417302A}.Debug|Any CPU.Build.0 = Debug|Any CPU
		{F8E65F03-8E5F-42BC-B7E1-B5695417302A}.Release|Any CPU.ActiveCfg = Release|Any CPU
		{F8E65F03-8E5F-42BC-B7E1-B5695417302A}.Release|Any CPU.Build.0 = Release|Any CPU
		{07ABA3E4-B12C-4098-9531-BAB31EBBE6C4}.Debug|Any CPU.ActiveCfg = Debug|Any CPU
		{07ABA3E4-B12C-4098-9531-BAB31EBBE6C4}.Debug|Any CPU.Build.0 = Debug|Any CPU
		{07ABA3E4-B12C-4098-9531-BAB31EBBE6C4}.Release|Any CPU.ActiveCfg = Release|Any CPU
		{07ABA3E4-B12C-4098-9531-BAB31EBBE6C4}.Release|Any CPU.Build.0 = Release|Any CPU
		{1DACC4DA-1733-4C21-A7BE-913B0B15CC2A}.Debug|Any CPU.ActiveCfg = Debug|Any CPU
		{1DACC4DA-1733-4C21-A7BE-913B0B15CC2A}.Debug|Any CPU.Build.0 = Debug|Any CPU
		{1DACC4DA-1733-4C21-A7BE-913B0B15CC2A}.Release|Any CPU.ActiveCfg = Release|Any CPU
		{1DACC4DA-1733-4C21-A7BE-913B0B15CC2A}.Release|Any CPU.Build.0 = Release|Any CPU
		{87EFB6BD-4239-4B46-A82E-17BA9BCF2C2E}.Debug|Any CPU.ActiveCfg = Debug|Any CPU
		{87EFB6BD-4239-4B46-A82E-17BA9BCF2C2E}.Debug|Any CPU.Build.0 = Debug|Any CPU
		{87EFB6BD-4239-4B46-A82E-17BA9BCF2C2E}.Release|Any CPU.ActiveCfg = Release|Any CPU
		{87EFB6BD-4239-4B46-A82E-17BA9BCF2C2E}.Release|Any CPU.Build.0 = Release|Any CPU
		{64259820-1BB5-4566-9F37-E7D3ACF37095}.Debug|Any CPU.ActiveCfg = Debug|Any CPU
		{64259820-1BB5-4566-9F37-E7D3ACF37095}.Debug|Any CPU.Build.0 = Debug|Any CPU
		{64259820-1BB5-4566-9F37-E7D3ACF37095}.Release|Any CPU.ActiveCfg = Release|Any CPU
		{64259820-1BB5-4566-9F37-E7D3ACF37095}.Release|Any CPU.Build.0 = Release|Any CPU
		{44B04725-117C-41E7-A969-88065D93E971}.Debug|Any CPU.ActiveCfg = Debug|Any CPU
		{44B04725-117C-41E7-A969-88065D93E971}.Debug|Any CPU.Build.0 = Debug|Any CPU
		{44B04725-117C-41E7-A969-88065D93E971}.Release|Any CPU.ActiveCfg = Release|Any CPU
		{44B04725-117C-41E7-A969-88065D93E971}.Release|Any CPU.Build.0 = Release|Any CPU
		{DE73B97E-B9A7-44AE-878C-D9F603BE6BDD}.Debug|Any CPU.ActiveCfg = Debug|Any CPU
		{DE73B97E-B9A7-44AE-878C-D9F603BE6BDD}.Debug|Any CPU.Build.0 = Debug|Any CPU
		{DE73B97E-B9A7-44AE-878C-D9F603BE6BDD}.Release|Any CPU.ActiveCfg = Release|Any CPU
		{DE73B97E-B9A7-44AE-878C-D9F603BE6BDD}.Release|Any CPU.Build.0 = Release|Any CPU
		{F47F5374-4092-4B56-BB58-2D4F76AD7DD6}.Debug|Any CPU.ActiveCfg = Debug|Any CPU
		{F47F5374-4092-4B56-BB58-2D4F76AD7DD6}.Debug|Any CPU.Build.0 = Debug|Any CPU
		{F47F5374-4092-4B56-BB58-2D4F76AD7DD6}.Release|Any CPU.ActiveCfg = Release|Any CPU
		{F47F5374-4092-4B56-BB58-2D4F76AD7DD6}.Release|Any CPU.Build.0 = Release|Any CPU
		{81DDE2F6-6DB7-4416-9DE8-A4436D363DB6}.Debug|Any CPU.ActiveCfg = Debug|Any CPU
		{81DDE2F6-6DB7-4416-9DE8-A4436D363DB6}.Debug|Any CPU.Build.0 = Debug|Any CPU
		{81DDE2F6-6DB7-4416-9DE8-A4436D363DB6}.Release|Any CPU.ActiveCfg = Release|Any CPU
		{81DDE2F6-6DB7-4416-9DE8-A4436D363DB6}.Release|Any CPU.Build.0 = Release|Any CPU
		{5FC6A24D-B2B7-4E2D-AE66-1673E5E83536}.Debug|Any CPU.ActiveCfg = Debug|Any CPU
		{5FC6A24D-B2B7-4E2D-AE66-1673E5E83536}.Debug|Any CPU.Build.0 = Debug|Any CPU
		{5FC6A24D-B2B7-4E2D-AE66-1673E5E83536}.Release|Any CPU.ActiveCfg = Release|Any CPU
		{5FC6A24D-B2B7-4E2D-AE66-1673E5E83536}.Release|Any CPU.Build.0 = Release|Any CPU
		{E45752DA-7A89-4ACB-A19F-0AD17CBD1F91}.Debug|Any CPU.ActiveCfg = Debug|Any CPU
		{E45752DA-7A89-4ACB-A19F-0AD17CBD1F91}.Debug|Any CPU.Build.0 = Debug|Any CPU
		{E45752DA-7A89-4ACB-A19F-0AD17CBD1F91}.Release|Any CPU.ActiveCfg = Release|Any CPU
		{E45752DA-7A89-4ACB-A19F-0AD17CBD1F91}.Release|Any CPU.Build.0 = Release|Any CPU
		{487EDDFC-955C-46E4-A2A8-6BFF1E998241}.Debug|Any CPU.ActiveCfg = Debug|Any CPU
		{487EDDFC-955C-46E4-A2A8-6BFF1E998241}.Debug|Any CPU.Build.0 = Debug|Any CPU
		{487EDDFC-955C-46E4-A2A8-6BFF1E998241}.Release|Any CPU.ActiveCfg = Release|Any CPU
		{487EDDFC-955C-46E4-A2A8-6BFF1E998241}.Release|Any CPU.Build.0 = Release|Any CPU
		{0FDD1FAB-4EF5-443E-925B-1C82886F97F2}.Debug|Any CPU.ActiveCfg = Debug|Any CPU
		{0FDD1FAB-4EF5-443E-925B-1C82886F97F2}.Debug|Any CPU.Build.0 = Debug|Any CPU
		{0FDD1FAB-4EF5-443E-925B-1C82886F97F2}.Release|Any CPU.ActiveCfg = Release|Any CPU
		{0FDD1FAB-4EF5-443E-925B-1C82886F97F2}.Release|Any CPU.Build.0 = Release|Any CPU
		{FF43588B-083B-4842-BA84-F2BBBEB86D38}.Debug|Any CPU.ActiveCfg = Debug|Any CPU
		{FF43588B-083B-4842-BA84-F2BBBEB86D38}.Debug|Any CPU.Build.0 = Debug|Any CPU
		{FF43588B-083B-4842-BA84-F2BBBEB86D38}.Release|Any CPU.ActiveCfg = Release|Any CPU
		{FF43588B-083B-4842-BA84-F2BBBEB86D38}.Release|Any CPU.Build.0 = Release|Any CPU
		{33F25C2D-144C-4008-BAF3-B5367A3CB33C}.Debug|Any CPU.ActiveCfg = Debug|Any CPU
		{33F25C2D-144C-4008-BAF3-B5367A3CB33C}.Debug|Any CPU.Build.0 = Debug|Any CPU
		{33F25C2D-144C-4008-BAF3-B5367A3CB33C}.Release|Any CPU.ActiveCfg = Release|Any CPU
		{33F25C2D-144C-4008-BAF3-B5367A3CB33C}.Release|Any CPU.Build.0 = Release|Any CPU
		{45DADBEE-D134-431E-B0EF-BF124BBDA7BA}.Debug|Any CPU.ActiveCfg = Debug|Any CPU
		{45DADBEE-D134-431E-B0EF-BF124BBDA7BA}.Debug|Any CPU.Build.0 = Debug|Any CPU
		{45DADBEE-D134-431E-B0EF-BF124BBDA7BA}.Release|Any CPU.ActiveCfg = Release|Any CPU
		{45DADBEE-D134-431E-B0EF-BF124BBDA7BA}.Release|Any CPU.Build.0 = Release|Any CPU
		{F32DF495-87C1-4683-9F07-110F7F437291}.Debug|Any CPU.ActiveCfg = Debug|Any CPU
		{F32DF495-87C1-4683-9F07-110F7F437291}.Debug|Any CPU.Build.0 = Debug|Any CPU
		{F32DF495-87C1-4683-9F07-110F7F437291}.Release|Any CPU.ActiveCfg = Release|Any CPU
		{F32DF495-87C1-4683-9F07-110F7F437291}.Release|Any CPU.Build.0 = Release|Any CPU
		{66A57CEC-0AFB-4C5F-98BA-F3CEAD779324}.Debug|Any CPU.ActiveCfg = Debug|Any CPU
		{66A57CEC-0AFB-4C5F-98BA-F3CEAD779324}.Debug|Any CPU.Build.0 = Debug|Any CPU
		{66A57CEC-0AFB-4C5F-98BA-F3CEAD779324}.Release|Any CPU.ActiveCfg = Release|Any CPU
		{66A57CEC-0AFB-4C5F-98BA-F3CEAD779324}.Release|Any CPU.Build.0 = Release|Any CPU
		{3370C842-C5C8-4B44-9087-362835C4059D}.Debug|Any CPU.ActiveCfg = Debug|Any CPU
		{3370C842-C5C8-4B44-9087-362835C4059D}.Debug|Any CPU.Build.0 = Debug|Any CPU
		{3370C842-C5C8-4B44-9087-362835C4059D}.Release|Any CPU.ActiveCfg = Release|Any CPU
		{3370C842-C5C8-4B44-9087-362835C4059D}.Release|Any CPU.Build.0 = Release|Any CPU
		{2B3268E3-6648-4F6D-B354-4CF46CEC08ED}.Debug|Any CPU.ActiveCfg = Debug|Any CPU
		{2B3268E3-6648-4F6D-B354-4CF46CEC08ED}.Debug|Any CPU.Build.0 = Debug|Any CPU
		{2B3268E3-6648-4F6D-B354-4CF46CEC08ED}.Release|Any CPU.ActiveCfg = Release|Any CPU
		{2B3268E3-6648-4F6D-B354-4CF46CEC08ED}.Release|Any CPU.Build.0 = Release|Any CPU
		{05547D89-E587-47EC-8CD8-7FB631F04057}.Debug|Any CPU.ActiveCfg = Debug|Any CPU
		{05547D89-E587-47EC-8CD8-7FB631F04057}.Debug|Any CPU.Build.0 = Debug|Any CPU
		{05547D89-E587-47EC-8CD8-7FB631F04057}.Release|Any CPU.ActiveCfg = Release|Any CPU
		{05547D89-E587-47EC-8CD8-7FB631F04057}.Release|Any CPU.Build.0 = Release|Any CPU
		{10BEDF50-1F75-4099-B652-2E290FDE237C}.Debug|Any CPU.ActiveCfg = Debug|Any CPU
		{10BEDF50-1F75-4099-B652-2E290FDE237C}.Debug|Any CPU.Build.0 = Debug|Any CPU
		{10BEDF50-1F75-4099-B652-2E290FDE237C}.Release|Any CPU.ActiveCfg = Release|Any CPU
		{10BEDF50-1F75-4099-B652-2E290FDE237C}.Release|Any CPU.Build.0 = Release|Any CPU
	EndGlobalSection
	GlobalSection(SolutionProperties) = preSolution
		HideSolutionNode = FALSE
	EndGlobalSection
	GlobalSection(NestedProjects) = preSolution
		{0577667E-858E-4F9C-A414-CD7F434951C1} = {5D45061A-5ECE-4393-8274-96B0F68A9BF9}
		{A2975EA3-2C00-483A-BADB-0A0FEA62FC1E} = {5D45061A-5ECE-4393-8274-96B0F68A9BF9}
		{275447F0-3BAB-4BDD-B363-D50C1CF17CB1} = {83D0DBEF-9B01-4C3D-A36D-913C5A4D7BC8}
		{F0E66BAD-27A8-4E72-88DC-60E016EE49C1} = {5D45061A-5ECE-4393-8274-96B0F68A9BF9}
		{F8E65F03-8E5F-42BC-B7E1-B5695417302A} = {83D0DBEF-9B01-4C3D-A36D-913C5A4D7BC8}
		{07ABA3E4-B12C-4098-9531-BAB31EBBE6C4} = {83D0DBEF-9B01-4C3D-A36D-913C5A4D7BC8}
		{1DACC4DA-1733-4C21-A7BE-913B0B15CC2A} = {83D0DBEF-9B01-4C3D-A36D-913C5A4D7BC8}
		{87EFB6BD-4239-4B46-A82E-17BA9BCF2C2E} = {83D0DBEF-9B01-4C3D-A36D-913C5A4D7BC8}
		{64259820-1BB5-4566-9F37-E7D3ACF37095} = {83D0DBEF-9B01-4C3D-A36D-913C5A4D7BC8}
		{44B04725-117C-41E7-A969-88065D93E971} = {83D0DBEF-9B01-4C3D-A36D-913C5A4D7BC8}
		{DE73B97E-B9A7-44AE-878C-D9F603BE6BDD} = {83D0DBEF-9B01-4C3D-A36D-913C5A4D7BC8}
		{F47F5374-4092-4B56-BB58-2D4F76AD7DD6} = {83D0DBEF-9B01-4C3D-A36D-913C5A4D7BC8}
		{81DDE2F6-6DB7-4416-9DE8-A4436D363DB6} = {83D0DBEF-9B01-4C3D-A36D-913C5A4D7BC8}
		{5FC6A24D-B2B7-4E2D-AE66-1673E5E83536} = {83D0DBEF-9B01-4C3D-A36D-913C5A4D7BC8}
		{E45752DA-7A89-4ACB-A19F-0AD17CBD1F91} = {7EA4D3D6-F628-40E5-A9AC-C10ED6C7C417}
		{487EDDFC-955C-46E4-A2A8-6BFF1E998241} = {83D0DBEF-9B01-4C3D-A36D-913C5A4D7BC8}
		{0FDD1FAB-4EF5-443E-925B-1C82886F97F2} = {83D0DBEF-9B01-4C3D-A36D-913C5A4D7BC8}
		{FF43588B-083B-4842-BA84-F2BBBEB86D38} = {D8363FAA-984F-41C3-AA46-68231CF5D2B1}
		{33F25C2D-144C-4008-BAF3-B5367A3CB33C} = {83D0DBEF-9B01-4C3D-A36D-913C5A4D7BC8}
		{45DADBEE-D134-431E-B0EF-BF124BBDA7BA} = {83D0DBEF-9B01-4C3D-A36D-913C5A4D7BC8}
		{F32DF495-87C1-4683-9F07-110F7F437291} = {83D0DBEF-9B01-4C3D-A36D-913C5A4D7BC8}
		{66A57CEC-0AFB-4C5F-98BA-F3CEAD779324} = {7B028BFF-69ED-4E66-97F9-F1A02B627EC1}
		{3370C842-C5C8-4B44-9087-362835C4059D} = {5D45061A-5ECE-4393-8274-96B0F68A9BF9}
		{2B3268E3-6648-4F6D-B354-4CF46CEC08ED} = {5D45061A-5ECE-4393-8274-96B0F68A9BF9}
		{05547D89-E587-47EC-8CD8-7FB631F04057} = {5D45061A-5ECE-4393-8274-96B0F68A9BF9}
		{10BEDF50-1F75-4099-B652-2E290FDE237C} = {5D45061A-5ECE-4393-8274-96B0F68A9BF9}
	EndGlobalSection
	GlobalSection(ExtensibilityGlobals) = postSolution
		SolutionGuid = {3C5FFF05-A9D4-4490-BFF3-41083CB46BA8}
	EndGlobalSection
EndGlobal
